{
  "nodes": {
    "crane": {
      "locked": {
        "lastModified": 1758758545,
        "narHash": "sha256-NU5WaEdfwF6i8faJ2Yh+jcK9vVFrofLcwlD/mP65JrI=",
        "rev": "95d528a5f54eaba0d12102249ce42f4d01f4e364",
        "revCount": 764,
        "type": "tarball",
        "url": "https://api.flakehub.com/f/pinned/ipetkov/crane/0.21.1/01997e40-19a9-7bc6-9dba-0585d6ed9a98/source.tar.gz"
      },
      "original": {
        "type": "tarball",
        "url": "https://flakehub.com/f/ipetkov/crane/0"
      }
    },
    "fenix": {
      "inputs": {
        "nixpkgs": [
          "fh",
          "nixpkgs"
        ],
        "rust-analyzer-src": "rust-analyzer-src"
      },
      "locked": {
        "lastModified": 1756709111,
        "narHash": "sha256-xv2u5dnQpdWkrIy5TBSomr055odWtRSoECSGBzNpp3w=",
        "rev": "113eba389317407992ea219d5aaced44bf6407f9",
        "revCount": 2375,
        "type": "tarball",
        "url": "https://api.flakehub.com/f/pinned/nix-community/fenix/0.1.2375%2Brev-113eba389317407992ea219d5aaced44bf6407f9/0199045f-8452-723d-b201-deb22d41c75e/source.tar.gz"
      },
      "original": {
        "type": "tarball",
        "url": "https://flakehub.com/f/nix-community/fenix/%3D0.1.2375"
      }
    },
    "fh": {
      "inputs": {
        "crane": "crane",
        "fenix": "fenix",
        "nixpkgs": "nixpkgs"
      },
      "locked": {
        "lastModified": 1761780713,
        "narHash": "sha256-EUCV7/J9wJRroCGW5JqonFJIqcvJEBAwB7l3eWYxiSk=",
        "rev": "4f001f2e1de4776f01cf22d1de815f1016a4c4c9",
        "revCount": 786,
        "type": "tarball",
        "url": "https://api.flakehub.com/f/pinned/DeterminateSystems/fh/0.1.27/019a355b-4c74-769d-a9ad-232df447089d/source.tar.gz?rev=4f001f2e1de4776f01cf22d1de815f1016a4c4c9&revCount=786"
      },
      "original": {
        "type": "tarball",
        "url": "https://flakehub.com/f/DeterminateSystems/fh/0.1"
      }
    },
    "fish-catppuccin": {
      "flake": false,
      "locked": {
        "lastModified": 1764362944,
        "narHash": "sha256-KD/sWXSXYVlV+n7ft4vKFYpIMBB3PSn6a6jz+ZIMZvQ=",
        "owner": "catppuccin",
        "repo": "fish",
        "rev": "af622a6e247806f6260c00c6d261aa22680e5201",
        "type": "github"
      },
      "original": {
        "owner": "catppuccin",
        "repo": "fish",
        "type": "github"
      }
    },
    "fish-replay": {
      "flake": false,
      "locked": {
        "lastModified": 1719805987,
        "narHash": "sha256-TzQ97h9tBRUg+A7DSKeTBWLQuThicbu19DHMwkmUXdg=",
        "owner": "jorgebucaran",
        "repo": "replay.fish",
        "rev": "d2ecacd3fe7126e822ce8918389f3ad93b14c86c",
        "type": "github"
      },
      "original": {
        "owner": "jorgebucaran",
        "repo": "replay.fish",
        "type": "github"
      }
    },
    "flake-compat": {
      "flake": false,
      "locked": {
        "lastModified": 1761588595,
        "narHash": "sha256-XKUZz9zewJNUj46b4AJdiRZJAvSZ0Dqj2BNfXvFlJC4=",
        "owner": "edolstra",
        "repo": "flake-compat",
        "rev": "f387cd2afec9419c8ee37694406ca490c3f34ee5",
        "type": "github"
      },
      "original": {
        "owner": "edolstra",
        "repo": "flake-compat",
        "type": "github"
      }
    },
    "flake-parts": {
      "inputs": {
        "nixpkgs-lib": "nixpkgs-lib"
      },
      "locked": {
        "lastModified": 1765835352,
        "narHash": "sha256-XswHlK/Qtjasvhd1nOa1e8MgZ8GS//jBoTqWtrS1Giw=",
        "rev": "a34fae9c08a15ad73f295041fec82323541400a9",
        "revCount": 424,
        "type": "tarball",
        "url": "https://api.flakehub.com/f/pinned/hercules-ci/flake-parts/0.1.424%2Brev-a34fae9c08a15ad73f295041fec82323541400a9/019b25ac-f1ac-7ac9-baf4-5e130ad8baff/source.tar.gz?rev=a34fae9c08a15ad73f295041fec82323541400a9&revCount=424"
      },
      "original": {
        "type": "tarball",
        "url": "https://flakehub.com/f/hercules-ci/flake-parts/0.1"
      }
    },
    "git-hooks": {
      "inputs": {
        "flake-compat": "flake-compat",
        "gitignore": "gitignore",
        "nixpkgs": [
          "nixpkgs"
        ]
      },
      "locked": {
        "lastModified": 1765911976,
        "narHash": "sha256-t3T/xm8zstHRLx+pIHxVpQTiySbKqcQbK+r+01XVKc0=",
        "rev": "b68b780b69702a090c8bb1b973bab13756cc7a27",
        "revCount": 1147,
        "type": "tarball",
        "url": "https://api.flakehub.com/f/pinned/cachix/git-hooks.nix/0.1.1147%2Brev-b68b780b69702a090c8bb1b973bab13756cc7a27/019b2ad3-560b-7120-aa4a-633dea11da50/source.tar.gz?rev=b68b780b69702a090c8bb1b973bab13756cc7a27&revCount=1147"
      },
      "original": {
        "type": "tarball",
        "url": "https://flakehub.com/f/cachix/git-hooks.nix/0.1"
      }
    },
    "gitignore": {
      "inputs": {
        "nixpkgs": [
          "git-hooks",
          "nixpkgs"
        ]
      },
      "locked": {
        "lastModified": 1709087332,
        "narHash": "sha256-HG2cCnktfHsKV0s4XW83gU3F57gaTljL9KNSuG6bnQs=",
        "owner": "hercules-ci",
        "repo": "gitignore.nix",
        "rev": "637db329424fd7e46cf4185293b9cc8c88c95394",
        "type": "github"
      },
      "original": {
        "owner": "hercules-ci",
        "repo": "gitignore.nix",
        "type": "github"
      }
    },
    "helix": {
      "inputs": {
        "nixpkgs": [
          "nixpkgs"
        ],
        "rust-overlay": "rust-overlay"
      },
      "locked": {
        "lastModified": 1767104824,
        "narHash": "sha256-B/5myvheUJGXwNkeGIS5xgeZisxR5lELi4YqhXykFa4=",
        "rev": "496f0e1b41e6735873c1376ac10a6a722767f328",
        "revCount": 7096,
        "type": "tarball",
        "url": "https://api.flakehub.com/f/pinned/helix-editor/helix/0.1.7096%2Brev-496f0e1b41e6735873c1376ac10a6a722767f328/019b7058-2f46-759d-86c2-50a611088d13/source.tar.gz?rev=496f0e1b41e6735873c1376ac10a6a722767f328&revCount=7096"
      },
      "original": {
        "type": "tarball",
        "url": "https://flakehub.com/f/helix-editor/helix/0.1"
      }
    },
    "home-manager": {
      "inputs": {
        "nixpkgs": [
          "nixpkgs"
        ]
      },
      "locked": {
        "lastModified": 1767104570,
        "narHash": "sha256-GKgwu5//R+cLdKysZjGqvUEEOGXXLdt93sNXeb2M/Lk=",
        "rev": "e4e78a2cbeaddd07ab7238971b16468cc1d14daf",
        "revCount": 5959,
        "type": "tarball",
        "url": "https://api.flakehub.com/f/pinned/nix-community/home-manager/0.1.5959%2Brev-e4e78a2cbeaddd07ab7238971b16468cc1d14daf/019b6fa5-0b5c-78e5-b1d4-15b134252255/source.tar.gz?rev=e4e78a2cbeaddd07ab7238971b16468cc1d14daf&revCount=5959"
      },
      "original": {
        "type": "tarball",
        "url": "https://flakehub.com/f/nix-community/home-manager/0.1"
      }
    },
    "nh": {
      "inputs": {
        "nixpkgs": [
          "nixpkgs"
        ]
      },
      "locked": {
        "lastModified": 1757248378,
        "narHash": "sha256-DvonqSRDrGDZmsRCCBegFWtGvb+7SktKn5Rzxgngw+4=",
        "rev": "def8fe0e6271c783f75f78b376ea858052543b84",
        "revCount": 761,
        "type": "tarball",
        "url": "https://api.flakehub.com/f/pinned/nix-community/nh/4.2.0-beta5/0199253f-b205-7ab4-9dc7-f598346fd032/source.tar.gz?rev=def8fe0e6271c783f75f78b376ea858052543b84&revCount=761"
      },
      "original": {
        "type": "tarball",
        "url": "https://flakehub.com/f/nix-community/nh/4.2.0-beta5"
      }
    },
    "nix-vscode-extensions": {
      "inputs": {
        "nixpkgs": "nixpkgs_2"
      },
      "locked": {
        "lastModified": 1767147113,
        "narHash": "sha256-yKHc7emHerH/dXFBpeLJIo2/2Kuym33V+QjBpBa0jww=",
        "owner": "nix-community",
        "repo": "nix-vscode-extensions",
        "rev": "3ec4fd26d61aa0a2f08f178196003b4fa0cda8c7",
        "type": "github"
      },
      "original": {
        "owner": "nix-community",
        "repo": "nix-vscode-extensions",
        "type": "github"
      }
    },
    "nixpkgs": {
      "locked": {
        "lastModified": 1761468971,
        "narHash": "sha256-vY2OLVg5ZTobdroQKQQSipSIkHlxOTrIF1fsMzPh8w8=",
        "rev": "78e34d1667d32d8a0ffc3eba4591ff256e80576e",
        "revCount": 811770,
        "type": "tarball",
        "url": "https://api.flakehub.com/f/pinned/NixOS/nixpkgs/0.2505.811770%2Brev-78e34d1667d32d8a0ffc3eba4591ff256e80576e/019a23fb-89f0-7302-a573-f6bf7dde9cf5/source.tar.gz"
      },
      "original": {
        "type": "tarball",
        "url": "https://flakehub.com/f/NixOS/nixpkgs/0"
      }
    },
    "nixpkgs-lib": {
      "locked": {
        "lastModified": 1765674936,
        "narHash": "sha256-k00uTP4JNfmejrCLJOwdObYC9jHRrr/5M/a/8L2EIdo=",
        "owner": "nix-community",
        "repo": "nixpkgs.lib",
        "rev": "2075416fcb47225d9b68ac469a5c4801a9c4dd85",
        "type": "github"
      },
      "original": {
        "owner": "nix-community",
        "repo": "nixpkgs.lib",
        "type": "github"
      }
    },
    "nixpkgs_2": {
      "locked": {
        "lastModified": 1766025857,
        "narHash": "sha256-Lav5jJazCW4mdg1iHcROpuXqmM94BWJvabLFWaJVJp0=",
        "owner": "nixos",
        "repo": "nixpkgs",
        "rev": "def3da69945bbe338c373fddad5a1bb49cf199ce",
        "type": "github"
      },
      "original": {
        "owner": "nixos",
        "repo": "nixpkgs",
        "rev": "def3da69945bbe338c373fddad5a1bb49cf199ce",
        "type": "github"
      }
    },
    "nixpkgs_3": {
      "locked": {
        "lastModified": 1766902085,
        "narHash": "sha256-coBu0ONtFzlwwVBzmjacUQwj3G+lybcZ1oeNSQkgC0M=",
        "rev": "c0b0e0fddf73fd517c3471e546c0df87a42d53f4",
        "revCount": 917670,
        "type": "tarball",
        "url": "https://api.flakehub.com/f/pinned/NixOS/nixpkgs/0.1.917670%2Brev-c0b0e0fddf73fd517c3471e546c0df87a42d53f4/019b6761-6451-7ee6-81b7-aa86aeadaa56/source.tar.gz?rev=c0b0e0fddf73fd517c3471e546c0df87a42d53f4&revCount=917670"
      },
      "original": {
        "type": "tarball",
        "url": "https://flakehub.com/f/NixOS/nixpkgs/0.1"
      }
    },
    "rime-wanxiang": {
      "flake": false,
      "locked": {
        "lastModified": 1767177739,
        "narHash": "sha256-bbghc2gD5Im1+JIvUEGeuS3TjamslFEqnYBUm1RkNBw=",
        "owner": "amzxyz",
        "repo": "rime_wanxiang",
        "rev": "79c6a2f71940d8c65cb2f2ad59433aa57ee78be4",
        "type": "github"
      },
      "original": {
        "owner": "amzxyz",
        "repo": "rime_wanxiang",
        "type": "github"
      }
    },
    "root": {
      "inputs": {
        "fh": "fh",
        "fish-catppuccin": "fish-catppuccin",
        "fish-replay": "fish-replay",
        "flake-parts": "flake-parts",
        "git-hooks": "git-hooks",
        "helix": "helix",
        "home-manager": "home-manager",
        "nh": "nh",
        "nix-vscode-extensions": "nix-vscode-extensions",
        "nixpkgs": "nixpkgs_3",
        "rime-wanxiang": "rime-wanxiang",
        "systems": "systems",
        "treefmt-nix": "treefmt-nix"
      }
    },
    "rust-analyzer-src": {
      "flake": false,
      "locked": {
        "lastModified": 1756597274,
        "narHash": "sha256-wfaKRKsEVQDB7pQtAt04vRgFphkVscGRpSx3wG1l50E=",
        "owner": "rust-lang",
        "repo": "rust-analyzer",
        "rev": "21614ed2d3279a9aa1f15c88d293e65a98991b30",
        "type": "github"
      },
      "original": {
        "owner": "rust-lang",
        "ref": "nightly",
        "repo": "rust-analyzer",
        "type": "github"
      }
    },
    "rust-overlay": {
      "inputs": {
        "nixpkgs": [
          "helix",
          "nixpkgs"
        ]
      },
      "locked": {
        "lastModified": 1759631821,
        "narHash": "sha256-V8A1L0FaU/aSXZ1QNJScxC12uP4hANeRBgI4YdhHeRM=",
        "owner": "oxalica",
        "repo": "rust-overlay",
        "rev": "1d7cbdaad90f8a5255a89a6eddd8af24dc89cafe",
        "type": "github"
      },
      "original": {
        "owner": "oxalica",
        "repo": "rust-overlay",
        "type": "github"
      }
    },
    "systems": {
      "locked": {
        "lastModified": 1681028828,
        "narHash": "sha256-Vy1rq5AaRuLzOxct8nz4T6wlgyUR7zLU309k9mBC768=",
        "owner": "nix-systems",
        "repo": "default",
        "rev": "da67096a3b9bf56a91d16901293e51ba5b49a27e",
        "type": "github"
      },
      "original": {
        "owner": "nix-systems",
        "repo": "default",
        "type": "github"
      }
    },
    "treefmt-nix": {
      "inputs": {
        "nixpkgs": [
          "nixpkgs"
        ]
      },
      "locked": {
        "lastModified": 1767122417,
        "narHash": "sha256-yOt/FTB7oSEKQH9EZMFMeuldK1HGpQs2eAzdS9hNS/o=",
        "rev": "dec15f37015ac2e774c84d0952d57fcdf169b54d",
        "revCount": 512,
        "type": "tarball",
        "url": "https://api.flakehub.com/f/pinned/numtide/treefmt-nix/0.1.512%2Brev-dec15f37015ac2e774c84d0952d57fcdf169b54d/019b72ee-2eeb-7e83-a228-978e7ad0c1c8/source.tar.gz?rev=dec15f37015ac2e774c84d0952d57fcdf169b54d&revCount=512"
      },
      "original": {
        "type": "tarball",
        "url": "https://flakehub.com/f/numtide/treefmt-nix/0.1"
      }
    }
  },
  "root": "root",
  "version": 7
}
