{
  "nodes": {
    "fish-catppuccin": {
      "flake": false,
      "locked": {
        "lastModified": 1764362944,
        "narHash": "sha256-KD/sWXSXYVlV+n7ft4vKFYpIMBB3PSn6a6jz+ZIMZvQ=",
        "owner": "catppuccin",
        "repo": "fish",
        "rev": "af622a6e247806f6260c00c6d261aa22680e5201",
        "type": "github"
      },
      "original": {
        "owner": "catppuccin",
        "repo": "fish",
        "type": "github"
      }
    },
    "fish-replay": {
      "flake": false,
      "locked": {
        "lastModified": 1719805987,
        "narHash": "sha256-TzQ97h9tBRUg+A7DSKeTBWLQuThicbu19DHMwkmUXdg=",
        "owner": "jorgebucaran",
        "repo": "replay.fish",
        "rev": "d2ecacd3fe7126e822ce8918389f3ad93b14c86c",
        "type": "github"
      },
      "original": {
        "owner": "jorgebucaran",
        "repo": "replay.fish",
        "type": "github"
      }
    },
    "home-manager": {
      "inputs": {
        "nixpkgs": [
          "nixpkgs"
        ]
      },
      "locked": {
        "lastModified": 1767104570,
        "narHash": "sha256-GKgwu5//R+cLdKysZjGqvUEEOGXXLdt93sNXeb2M/Lk=",
        "owner": "nix-community",
        "repo": "home-manager",
        "rev": "e4e78a2cbeaddd07ab7238971b16468cc1d14daf",
        "type": "github"
      },
      "original": {
        "owner": "nix-community",
        "repo": "home-manager",
        "type": "github"
      }
    },
    "nix-vscode-extensions": {
      "inputs": {
        "nixpkgs": "nixpkgs"
      },
      "locked": {
        "lastModified": 1767060686,
        "narHash": "sha256-AiMqg6OT10LQc2uueyHmuiDR+vNLaI7fX+jx20AiloE=",
        "owner": "nix-community",
        "repo": "nix-vscode-extensions",
        "rev": "182831a2f3e2c8fd1ffb2ccc08e584824e0eb1b8",
        "type": "github"
      },
      "original": {
        "owner": "nix-community",
        "repo": "nix-vscode-extensions",
        "type": "github"
      }
    },
    "nixpkgs": {
      "locked": {
        "lastModified": 1766025857,
        "narHash": "sha256-Lav5jJazCW4mdg1iHcROpuXqmM94BWJvabLFWaJVJp0=",
        "owner": "nixos",
        "repo": "nixpkgs",
        "rev": "def3da69945bbe338c373fddad5a1bb49cf199ce",
        "type": "github"
      },
      "original": {
        "owner": "nixos",
        "repo": "nixpkgs",
        "rev": "def3da69945bbe338c373fddad5a1bb49cf199ce",
        "type": "github"
      }
    },
    "nixpkgs_2": {
      "locked": {
        "lastModified": 1766902085,
        "narHash": "sha256-coBu0ONtFzlwwVBzmjacUQwj3G+lybcZ1oeNSQkgC0M=",
        "owner": "nixos",
        "repo": "nixpkgs",
        "rev": "c0b0e0fddf73fd517c3471e546c0df87a42d53f4",
        "type": "github"
      },
      "original": {
        "owner": "nixos",
        "ref": "nixos-unstable",
        "repo": "nixpkgs",
        "type": "github"
      }
    },
    "rime-wanxiang": {
      "flake": false,
      "locked": {
        "lastModified": 1767082579,
        "narHash": "sha256-KXhnnjYuCVeMBUcm1AV35YNmTRVtcEsgESenwEYNFbI=",
        "owner": "amzxyz",
        "repo": "rime_wanxiang",
        "rev": "39028a8334d549801e8636f01df71fa0dd810bce",
        "type": "github"
      },
      "original": {
        "owner": "amzxyz",
        "repo": "rime_wanxiang",
        "type": "github"
      }
    },
    "root": {
      "inputs": {
        "fish-catppuccin": "fish-catppuccin",
        "fish-replay": "fish-replay",
        "home-manager": "home-manager",
        "nix-vscode-extensions": "nix-vscode-extensions",
        "nixpkgs": "nixpkgs_2",
        "rime-wanxiang": "rime-wanxiang"
      }
    }
  },
  "root": "root",
  "version": 7
}
